
Microsoft Visual Studio Solution File, Format Version 12.00
# Visual Studio Version 17
VisualStudioVersion = 17.14.36310.24
MinimumVisualStudioVersion = 10.0.40219.1
Project("{8BC9CEB8-8B4A-11D0-8D11-00A0C91BC942}") = "LibBSC CLR Port .Net Framework", "bscwrapperCLR\bscwrapperCLR.vcxproj", "{9D53FD23-1E3B-4878-9F13-7DD8EFA9DBCC}"
EndProject
Project("{FAE04EC0-301F-11D3-BF4B-00C04F79EFBC}") = "LibbscSharp Console Tester", "bsc wrapper console C# test\LibbscSharp Console Tester.csproj", "{C3EFA5DB-5576-46FB-99AD-34095E531AE6}"
EndProject
Project("{FAE04EC0-301F-11D3-BF4B-00C04F79EFBC}") = "LibbscSharp Net Core", "LibbscShartp Net Core\LibbscSharp Net Core.csproj", "{F40A4879-1E49-4E34-90FF-69E33D292ABE}"
EndProject
Project("{8BC9CEB8-8B4A-11D0-8D11-00A0C91BC942}") = "LibBSC CLR Port .Net Core", "bscwrapperCLR FrameWork 4.8\bscwrapperCLR FrameWork 4.8.vcxproj", "{C765B911-24F2-44C0-B877-DC1F5A858F4B}"
EndProject
Project("{FAE04EC0-301F-11D3-BF4B-00C04F79EFBC}") = "LibbscSharp .Net Framework 4.8", "LibbscShartp .Net Framework 4.8\LibbscSharp .Net Framework 4.8.csproj", "{53AD8A7B-2A49-4366-8CCA-3848E4D05E90}"
EndProject
Project("{FAE04EC0-301F-11D3-BF4B-00C04F79EFBC}") = "LibbscSharp AZ Function", "LibbscSharp AZ Function\LibbscSharp AZ Function.csproj", "{38A77518-6E7A-44CB-BF09-EC8DBAFFF445}"
EndProject
Global
	GlobalSection(SolutionConfigurationPlatforms) = preSolution
		Debug|Any CPU = Debug|Any CPU
		Debug|x64 = Debug|x64
		Debug|x86 = Debug|x86
		Release|Any CPU = Release|Any CPU
		Release|x64 = Release|x64
		Release|x86 = Release|x86
	EndGlobalSection
	GlobalSection(ProjectConfigurationPlatforms) = postSolution
		{9D53FD23-1E3B-4878-9F13-7DD8EFA9DBCC}.Debug|Any CPU.ActiveCfg = Debug|x64
		{9D53FD23-1E3B-4878-9F13-7DD8EFA9DBCC}.Debug|Any CPU.Build.0 = Debug|x64
		{9D53FD23-1E3B-4878-9F13-7DD8EFA9DBCC}.Debug|x64.ActiveCfg = Debug|x64
		{9D53FD23-1E3B-4878-9F13-7DD8EFA9DBCC}.Debug|x64.Build.0 = Debug|x64
		{9D53FD23-1E3B-4878-9F13-7DD8EFA9DBCC}.Debug|x86.ActiveCfg = Debug|Win32
		{9D53FD23-1E3B-4878-9F13-7DD8EFA9DBCC}.Debug|x86.Build.0 = Debug|Win32
		{9D53FD23-1E3B-4878-9F13-7DD8EFA9DBCC}.Release|Any CPU.ActiveCfg = Release|x64
		{9D53FD23-1E3B-4878-9F13-7DD8EFA9DBCC}.Release|Any CPU.Build.0 = Release|x64
		{9D53FD23-1E3B-4878-9F13-7DD8EFA9DBCC}.Release|x64.ActiveCfg = Release|x64
		{9D53FD23-1E3B-4878-9F13-7DD8EFA9DBCC}.Release|x64.Build.0 = Release|x64
		{9D53FD23-1E3B-4878-9F13-7DD8EFA9DBCC}.Release|x86.ActiveCfg = Release|Win32
		{9D53FD23-1E3B-4878-9F13-7DD8EFA9DBCC}.Release|x86.Build.0 = Release|Win32
		{C3EFA5DB-5576-46FB-99AD-34095E531AE6}.Debug|Any CPU.ActiveCfg = Debug|Any CPU
		{C3EFA5DB-5576-46FB-99AD-34095E531AE6}.Debug|Any CPU.Build.0 = Debug|Any CPU
		{C3EFA5DB-5576-46FB-99AD-34095E531AE6}.Debug|x64.ActiveCfg = Debug|Any CPU
		{C3EFA5DB-5576-46FB-99AD-34095E531AE6}.Debug|x64.Build.0 = Debug|Any CPU
		{C3EFA5DB-5576-46FB-99AD-34095E531AE6}.Debug|x86.ActiveCfg = Debug|Any CPU
		{C3EFA5DB-5576-46FB-99AD-34095E531AE6}.Debug|x86.Build.0 = Debug|Any CPU
		{C3EFA5DB-5576-46FB-99AD-34095E531AE6}.Release|Any CPU.ActiveCfg = Release|Any CPU
		{C3EFA5DB-5576-46FB-99AD-34095E531AE6}.Release|Any CPU.Build.0 = Release|Any CPU
		{C3EFA5DB-5576-46FB-99AD-34095E531AE6}.Release|x64.ActiveCfg = Release|Any CPU
		{C3EFA5DB-5576-46FB-99AD-34095E531AE6}.Release|x64.Build.0 = Release|Any CPU
		{C3EFA5DB-5576-46FB-99AD-34095E531AE6}.Release|x86.ActiveCfg = Release|Any CPU
		{C3EFA5DB-5576-46FB-99AD-34095E531AE6}.Release|x86.Build.0 = Release|Any CPU
		{F40A4879-1E49-4E34-90FF-69E33D292ABE}.Debug|Any CPU.ActiveCfg = Debug|Any CPU
		{F40A4879-1E49-4E34-90FF-69E33D292ABE}.Debug|Any CPU.Build.0 = Debug|Any CPU
		{F40A4879-1E49-4E34-90FF-69E33D292ABE}.Debug|x64.ActiveCfg = Debug|Any CPU
		{F40A4879-1E49-4E34-90FF-69E33D292ABE}.Debug|x64.Build.0 = Debug|Any CPU
		{F40A4879-1E49-4E34-90FF-69E33D292ABE}.Debug|x86.ActiveCfg = Debug|Any CPU
		{F40A4879-1E49-4E34-90FF-69E33D292ABE}.Debug|x86.Build.0 = Debug|Any CPU
		{F40A4879-1E49-4E34-90FF-69E33D292ABE}.Release|Any CPU.ActiveCfg = Release|Any CPU
		{F40A4879-1E49-4E34-90FF-69E33D292ABE}.Release|Any CPU.Build.0 = Release|Any CPU
		{F40A4879-1E49-4E34-90FF-69E33D292ABE}.Release|x64.ActiveCfg = Release|Any CPU
		{F40A4879-1E49-4E34-90FF-69E33D292ABE}.Release|x64.Build.0 = Release|Any CPU
		{F40A4879-1E49-4E34-90FF-69E33D292ABE}.Release|x86.ActiveCfg = Release|Any CPU
		{F40A4879-1E49-4E34-90FF-69E33D292ABE}.Release|x86.Build.0 = Release|Any CPU
		{C765B911-24F2-44C0-B877-DC1F5A858F4B}.Debug|Any CPU.ActiveCfg = Debug|x64
		{C765B911-24F2-44C0-B877-DC1F5A858F4B}.Debug|Any CPU.Build.0 = Debug|x64
		{C765B911-24F2-44C0-B877-DC1F5A858F4B}.Debug|x64.ActiveCfg = Debug|x64
		{C765B911-24F2-44C0-B877-DC1F5A858F4B}.Debug|x64.Build.0 = Debug|x64
		{C765B911-24F2-44C0-B877-DC1F5A858F4B}.Debug|x86.ActiveCfg = Debug|Win32
		{C765B911-24F2-44C0-B877-DC1F5A858F4B}.Debug|x86.Build.0 = Debug|Win32
		{C765B911-24F2-44C0-B877-DC1F5A858F4B}.Release|Any CPU.ActiveCfg = Release|x64
		{C765B911-24F2-44C0-B877-DC1F5A858F4B}.Release|Any CPU.Build.0 = Release|x64
		{C765B911-24F2-44C0-B877-DC1F5A858F4B}.Release|x64.ActiveCfg = Release|x64
		{C765B911-24F2-44C0-B877-DC1F5A858F4B}.Release|x64.Build.0 = Release|x64
		{C765B911-24F2-44C0-B877-DC1F5A858F4B}.Release|x86.ActiveCfg = Release|Win32
		{C765B911-24F2-44C0-B877-DC1F5A858F4B}.Release|x86.Build.0 = Release|Win32
		{53AD8A7B-2A49-4366-8CCA-3848E4D05E90}.Debug|Any CPU.ActiveCfg = Debug|Any CPU
		{53AD8A7B-2A49-4366-8CCA-3848E4D05E90}.Debug|Any CPU.Build.0 = Debug|Any CPU
		{53AD8A7B-2A49-4366-8CCA-3848E4D05E90}.Debug|x64.ActiveCfg = Debug|Any CPU
		{53AD8A7B-2A49-4366-8CCA-3848E4D05E90}.Debug|x64.Build.0 = Debug|Any CPU
		{53AD8A7B-2A49-4366-8CCA-3848E4D05E90}.Debug|x86.ActiveCfg = Debug|Any CPU
		{53AD8A7B-2A49-4366-8CCA-3848E4D05E90}.Debug|x86.Build.0 = Debug|Any CPU
		{53AD8A7B-2A49-4366-8CCA-3848E4D05E90}.Release|Any CPU.ActiveCfg = Release|Any CPU
		{53AD8A7B-2A49-4366-8CCA-3848E4D05E90}.Release|Any CPU.Build.0 = Release|Any CPU
		{53AD8A7B-2A49-4366-8CCA-3848E4D05E90}.Release|x64.ActiveCfg = Release|Any CPU
		{53AD8A7B-2A49-4366-8CCA-3848E4D05E90}.Release|x64.Build.0 = Release|Any CPU
		{53AD8A7B-2A49-4366-8CCA-3848E4D05E90}.Release|x86.ActiveCfg = Release|Any CPU
		{53AD8A7B-2A49-4366-8CCA-3848E4D05E90}.Release|x86.Build.0 = Release|Any CPU
		{38A77518-6E7A-44CB-BF09-EC8DBAFFF445}.Debug|Any CPU.ActiveCfg = Debug|Any CPU
		{38A77518-6E7A-44CB-BF09-EC8DBAFFF445}.Debug|Any CPU.Build.0 = Debug|Any CPU
		{38A77518-6E7A-44CB-BF09-EC8DBAFFF445}.Debug|x64.ActiveCfg = Debug|Any CPU
		{38A77518-6E7A-44CB-BF09-EC8DBAFFF445}.Debug|x64.Build.0 = Debug|Any CPU
		{38A77518-6E7A-44CB-BF09-EC8DBAFFF445}.Debug|x86.ActiveCfg = Debug|Any CPU
		{38A77518-6E7A-44CB-BF09-EC8DBAFFF445}.Debug|x86.Build.0 = Debug|Any CPU
		{38A77518-6E7A-44CB-BF09-EC8DBAFFF445}.Release|Any CPU.ActiveCfg = Release|Any CPU
		{38A77518-6E7A-44CB-BF09-EC8DBAFFF445}.Release|Any CPU.Build.0 = Release|Any CPU
		{38A77518-6E7A-44CB-BF09-EC8DBAFFF445}.Release|x64.ActiveCfg = Release|Any CPU
		{38A77518-6E7A-44CB-BF09-EC8DBAFFF445}.Release|x64.Build.0 = Release|Any CPU
		{38A77518-6E7A-44CB-BF09-EC8DBAFFF445}.Release|x86.ActiveCfg = Release|Any CPU
		{38A77518-6E7A-44CB-BF09-EC8DBAFFF445}.Release|x86.Build.0 = Release|Any CPU
	EndGlobalSection
	GlobalSection(SolutionProperties) = preSolution
		HideSolutionNode = FALSE
	EndGlobalSection
	GlobalSection(ExtensibilityGlobals) = postSolution
		SolutionGuid = {E7E6EE58-F888-4B56-80CB-BFD39E8D13A2}
	EndGlobalSection
EndGlobal
